
Microsoft Visual Studio Solution File, Format Version 12.00
# Visual Studio Version 17
VisualStudioVersion = 17.14.36212.18 d17.14
MinimumVisualStudioVersion = 10.0.40219.1
Project("{FAE04EC0-301F-11D3-BF4B-00C04F79EFBC}") = "Simple.Chai", "Simple.Chai\Simple.Chai.csproj", "{E6D2FA9B-6D72-4640-80AC-AA0DCF222099}"
EndProject
Project("{FAE04EC0-301F-11D3-BF4B-00C04F79EFBC}") = "Simple.ChaiTests", "Simple.ChaiTests\Simple.ChaiTests.csproj", "{212D4F51-3F97-4142-9E0E-2D3A90148FED}"
EndProject
Global
	GlobalSection(SolutionConfigurationPlatforms) = preSolution
		Debug|Any CPU = Debug|Any CPU
		Release|Any CPU = Release|Any CPU
	EndGlobalSection
	GlobalSection(ProjectConfigurationPlatforms) = postSolution
		{E6D2FA9B-6D72-4640-80AC-AA0DCF222099}.Debug|Any CPU.ActiveCfg = Debug|Any CPU
		{E6D2FA9B-6D72-4640-80AC-AA0DCF222099}.Debug|Any CPU.Build.0 = Debug|Any CPU
		{E6D2FA9B-6D72-4640-80AC-AA0DCF222099}.Release|Any CPU.ActiveCfg = Release|Any CPU
		{E6D2FA9B-6D72-4640-80AC-AA0DCF222099}.Release|Any CPU.Build.0 = Release|Any CPU
		{212D4F51-3F97-4142-9E0E-2D3A90148FED}.Debug|Any CPU.ActiveCfg = Debug|Any CPU
		{212D4F51-3F97-4142-9E0E-2D3A90148FED}.Debug|Any CPU.Build.0 = Debug|Any CPU
		{212D4F51-3F97-4142-9E0E-2D3A90148FED}.Release|Any CPU.ActiveCfg = Release|Any CPU
		{212D4F51-3F97-4142-9E0E-2D3A90148FED}.Release|Any CPU.Build.0 = Release|Any CPU
	EndGlobalSection
	GlobalSection(SolutionProperties) = preSolution
		HideSolutionNode = FALSE
	EndGlobalSection
	GlobalSection(ExtensibilityGlobals) = postSolution
		SolutionGuid = {3284DFDF-10D0-4CA7-86EE-C50B39255E3C}
	EndGlobalSection
EndGlobal
